
Microsoft Visual Studio Solution File, Format Version 12.00
# Visual Studio Version 17
VisualStudioVersion = 17.3.32825.248
MinimumVisualStudioVersion = 10.0.40219.1
Project("{FAE04EC0-301F-11D3-BF4B-00C04F79EFBC}") = "pokeweb", "pokeweb\pokeweb.csproj", "{32477C35-3D21-443A-9879-7A10F7ADA16A}"
EndProject
Project("{FAE04EC0-301F-11D3-BF4B-00C04F79EFBC}") = "dominio", "dominio\dominio.csproj", "{DB1744C1-F395-4335-8981-99579740C0DF}"
EndProject
Project("{FAE04EC0-301F-11D3-BF4B-00C04F79EFBC}") = "negocios", "negocio\negocios.csproj", "{3900AE22-CA75-4751-B9BD-41BF5A3F8430}"
EndProject
Global
	GlobalSection(SolutionConfigurationPlatforms) = preSolution
		Debug|Any CPU = Debug|Any CPU
		Release|Any CPU = Release|Any CPU
	EndGlobalSection
	GlobalSection(ProjectConfigurationPlatforms) = postSolution
		{32477C35-3D21-443A-9879-7A10F7ADA16A}.Debug|Any CPU.ActiveCfg = Debug|Any CPU
		{32477C35-3D21-443A-9879-7A10F7ADA16A}.Debug|Any CPU.Build.0 = Debug|Any CPU
		{32477C35-3D21-443A-9879-7A10F7ADA16A}.Release|Any CPU.ActiveCfg = Release|Any CPU
		{32477C35-3D21-443A-9879-7A10F7ADA16A}.Release|Any CPU.Build.0 = Release|Any CPU
		{DB1744C1-F395-4335-8981-99579740C0DF}.Debug|Any CPU.ActiveCfg = Debug|Any CPU
		{DB1744C1-F395-4335-8981-99579740C0DF}.Debug|Any CPU.Build.0 = Debug|Any CPU
		{DB1744C1-F395-4335-8981-99579740C0DF}.Release|Any CPU.ActiveCfg = Release|Any CPU
		{DB1744C1-F395-4335-8981-99579740C0DF}.Release|Any CPU.Build.0 = Release|Any CPU
		{3900AE22-CA75-4751-B9BD-41BF5A3F8430}.Debug|Any CPU.ActiveCfg = Debug|Any CPU
		{3900AE22-CA75-4751-B9BD-41BF5A3F8430}.Debug|Any CPU.Build.0 = Debug|Any CPU
		{3900AE22-CA75-4751-B9BD-41BF5A3F8430}.Release|Any CPU.ActiveCfg = Release|Any CPU
		{3900AE22-CA75-4751-B9BD-41BF5A3F8430}.Release|Any CPU.Build.0 = Release|Any CPU
	EndGlobalSection
	GlobalSection(SolutionProperties) = preSolution
		HideSolutionNode = FALSE
	EndGlobalSection
	GlobalSection(ExtensibilityGlobals) = postSolution
		SolutionGuid = {4CD79DCF-C509-4AFD-A928-C38DFDBE4609}
	EndGlobalSection
EndGlobal
